
Microsoft Visual Studio Solution File, Format Version 12.00
# Visual Studio Version 17
VisualStudioVersion = 17.8.34330.188
MinimumVisualStudioVersion = 10.0.40219.1
Project("{FAE04EC0-301F-11D3-BF4B-00C04F79EFBC}") = "GoalKeeper.Api", "GoalKeeper.Api\GoalKeeper.Api.csproj", "{EA55710E-C2BE-4E47-B492-23287A7F1E2D}"
EndProject
Global
	GlobalSection(SolutionConfigurationPlatforms) = preSolution
		Debug|Any CPU = Debug|Any CPU
		Release|Any CPU = Release|Any CPU
	EndGlobalSection
	GlobalSection(ProjectConfigurationPlatforms) = postSolution
		{EA55710E-C2BE-4E47-B492-23287A7F1E2D}.Debug|Any CPU.ActiveCfg = Debug|Any CPU
		{EA55710E-C2BE-4E47-B492-23287A7F1E2D}.Debug|Any CPU.Build.0 = Debug|Any CPU
		{EA55710E-C2BE-4E47-B492-23287A7F1E2D}.Release|Any CPU.ActiveCfg = Release|Any CPU
		{EA55710E-C2BE-4E47-B492-23287A7F1E2D}.Release|Any CPU.Build.0 = Release|Any CPU
	EndGlobalSection
	GlobalSection(SolutionProperties) = preSolution
		HideSolutionNode = FALSE
	EndGlobalSection
	GlobalSection(ExtensibilityGlobals) = postSolution
		SolutionGuid = {4556E630-47A8-43B2-B037-7818CA0E24AE}
	EndGlobalSection
EndGlobal
